{"format_version":"1.0","provider_schemas":{"registry.terraform.io/imperva/incapsula":{"provider":{"version":0,"block":{"attributes":{"api_id":{"type":"string","description":"The API identifier for API operations. You can retrieve this\nfrom the Incapsula management console. Can be set via INCAPSULA_API_ID environment variable.","description_kind":"markdown","optional":true},"api_key":{"type":"string","description":"The API key for API operations. You can retrieve this\nfrom the Incapsula management console. Can be set via INCAPSULA_API_KEY environment variable.","description_kind":"markdown","optional":true},"base_url":{"type":"string","description":"The base URL for API operations. Used for provider development.","description_kind":"markdown","optional":true},"base_url_api":{"type":"string","description":"The base URL (same as v2 but with different subdomain) for API operations. Used for provider development.","description_kind":"markdown","optional":true},"base_url_rev_2":{"type":"string","description":"The base URL (revision 2) for API operations. Used for provider development.","description_kind":"markdown","optional":true},"base_url_rev_3":{"type":"string","description":"The base URL (revision 3) for API operations. Used for provider development.","description_kind":"markdown","optional":true}},"description_kind":"plain"}},"resource_schemas":{"incapsula_abp_websites":{"version":0,"block":{"attributes":{"account_id":{"type":"number","description":"The account these websites belongs to.","description_kind":"markdown","required":true},"auto_publish":{"type":"bool","description":"Whether to publish the changes automatically. Changes don't take take effect until they have been published.","description_kind":"markdown","optional":true},"id":{"type":"string","description_kind":"plain","optional":true,"computed":true},"last_publish":{"type":"string","description":"When the last publish was done for this terraform resource. Changes are published when `auto_publish` is true and the terraform config is applied.","description_kind":"markdown","computed":true}},"block_types":{"website_group":{"nesting_mode":"list","block":{"attributes":{"id":{"type":"string","description_kind":"plain","computed":true},"name":{"type":"string","description":"Name for the website group. Must be unique unless `name_id` is specified.","description_kind":"markdown","required":true},"name_id":{"type":"string","description":"Unique user-defined identifier used to differentiate website groups whose `name` is identical","description_kind":"markdown","optional":true}},"block_types":{"website":{"nesting_mode":"list","block":{"attributes":{"enable_mitigation":{"type":"bool","description":"Enables the ABP conditions for this website. Defaults to true.","description_kind":"markdown","optional":true},"id":{"type":"string","description_kind":"plain","computed":true},"incapsula_site_id":{"type":"number","description":"Which `incapsula_site` this website refers to","description_kind":"markdown","required":true}},"description":"List of websites within the website group. Websites are matched in a top-down fashion. If a more specific website should take precedence over over a wild card entry then that should be higher in the list","description_kind":"markdown"}}},"description":"List of website groups which are associated to ABP. Website groups are matched in a top-down fashion. If a more specific website group should take precedence over over a wild card entry then that should be higher in the list.","description_kind":"markdown"}}},"description":"Provides an Incapsula ABP (Advanced Bot Protection) website resource. Allows you to enable and configure ABP for given websites.\n\nNOTE: Due to limitations in ABP, the API key/id used to deploy this resource must match the `account_id` used in the resource (API key/id for a parent account do not work). All Incapsula sites associated with the resource must also be defined in that account.","description_kind":"markdown"}},"incapsula_account":{"version":0,"block":{"attributes":{"account_name":{"type":"string","description":"Account name.","description_kind":"markdown","optional":true,"computed":true},"consent_required":{"type":"bool","description":"Blocks Imperva from performing sensitive operations on your behalf. Options are `true`, `false`.","description_kind":"markdown","optional":true,"computed":true},"data_storage_region":{"type":"string","description":"Default data region of the account for newly created sites. Options are `APAC`, `EU`, `US` and `DEFAULT`. Defaults to `DEFAULT`.","description_kind":"markdown","optional":true},"email":{"type":"string","description":"Email address. For example: joe@example.com.","description_kind":"markdown","required":true},"enable_http2_for_new_sites":{"type":"string","description":"Enable HTTP/2 for traffic between end-users (visitors) and Imperva for newly created SSL sites. Options are `true` and `false`. Defaults to `true`","description_kind":"markdown","optional":true},"enable_http2_to_origin_for_new_sites":{"type":"string","description":"Enable HTTP/2 support for traffic between Imperva and your origin server for newly created SSL sites. This option can only be 'true' once 'enable_http2_for_new_sites' is enabled for newly created sites. Options are `true` and `false`. Defaults to `false`","description_kind":"markdown","optional":true},"error_page_template":{"type":"string","description":"Base64 encoded template for an error page.","description_kind":"markdown","optional":true},"id":{"type":"string","description_kind":"plain","optional":true,"computed":true},"log_level":{"type":"string","description":"The log level. Options are `full`, `security`, and `none`.","description_kind":"markdown","optional":true},"logs_account_id":{"type":"number","description":"Available only for Enterprise Plan customers that purchased the Logs Integration SKU. Numeric identifier of the account that purchased the logs integration SKU and which collects the logs. If not specified, operation will be performed on the account identified by the authentication parameters.","description_kind":"markdown","optional":true},"naked_domain_san_for_new_www_sites":{"type":"string","description":"Add naked domain SAN to Incapsula SSL certificates for new www sites. Options are `true` and `false`. Defaults to `true`","description_kind":"markdown","deprecated":true,"optional":true},"parent_id":{"type":"number","description":"The newly created account's parent id. If not specified, the invoking account will be assigned as the parent.","description_kind":"markdown","optional":true,"computed":true},"plan_id":{"type":"string","description":"An identifier of the plan to assign to the new account. For example, ent100 for the Enterprise 100 plan.","description_kind":"markdown","optional":true},"plan_name":{"type":"string","description":"Name of plan associate with account","description_kind":"markdown","computed":true},"ref_id":{"type":"string","description":"Customer specific identifier for this operation.","description_kind":"markdown","optional":true},"support_all_tls_versions":{"type":"string","description":"Allow sites in the account to support all TLS versions for connectivity between clients (visitors) and the Imperva service.","description_kind":"markdown","deprecated":true,"optional":true},"support_level":{"type":"string","description":"Account support level","description_kind":"markdown","computed":true},"trial_end_date":{"type":"string","description":"End date for trial account","description_kind":"markdown","computed":true},"user_name":{"type":"string","description":"The account owner's name. For example: John Doe.","description_kind":"markdown","optional":true,"computed":true},"wildcard_san_for_new_sites":{"type":"string","description":"Add wildcard SAN to Incapsula SSL certificates for new sites. Options are `true`, `false` and `default`. Defaults to `default`","description_kind":"markdown","deprecated":true,"optional":true}},"description_kind":"plain"}},"incapsula_account_policy_association":{"version":0,"block":{"attributes":{"account_id":{"type":"string","description":"The account Id.","description_kind":"markdown","required":true},"available_policy_ids":{"type":"string","description":"Comma separated list of The account’s available policies. These policies can be applied to the websites in the account. e.g. available_policy_ids = format(\"%s,%s\", incapsula_policy.acl1-policy.id, incapsula_policy.waf3-policy.id) Specify this argument only if you are a parent account trying to update your child account policies availability in order to remove availability for all policies please specify \"NO_AVAILABLE_POLICIES\".","description_kind":"markdown","optional":true},"default_non_mandatory_policy_ids":{"type":["set","string"],"description":"This list is currently relevant to whitelist and acl policies. More than one policy can be set as default. providing an empty list or omitting this argument will clear all the non mandatory default policies.","description_kind":"markdown","optional":true},"default_waf_policy_id":{"type":"string","description":"The WAF policy which is set as default to the account. The account can only have 1 such id.\n The Default policy will be applied automatically to sites that were create after setting it to default.","description_kind":"markdown","optional":true},"id":{"type":"string","description_kind":"plain","optional":true,"computed":true}},"description_kind":"plain"}},"incapsula_account_role":{"version":0,"block":{"attributes":{"account_id":{"type":"number","description":"Numeric identifier of the account to operate on.","description_kind":"markdown","required":true},"description":{"type":"string","description":"The role description.","description_kind":"markdown","optional":true},"id":{"type":"string","description_kind":"plain","optional":true,"computed":true},"name":{"type":"string","description":"The role name.","description_kind":"markdown","required":true},"permissions":{"type":["set","string"],"description":"List of account permission keys that the role contains.","description_kind":"markdown","optional":true}},"description_kind":"plain"}},"incapsula_account_ssl_settings":{"version":0,"block":{"attributes":{"account_id":{"type":"string","description":"Numeric identifier of the account to operate on.","description_kind":"markdown","required":true},"add_naked_domain_san_for_www_sites":{"type":"bool","description":"Add naked domain SAN on the Imperva generated certificate for newly created WWW sites.","description_kind":"markdown","optional":true},"allow_cname_validation":{"type":"bool","description":"Allow Imperva to prove ownership on the domains under the allowed_domains_for_cname_validation list on behalf of the customer.","description_kind":"markdown","optional":true},"allow_support_old_tls_versions":{"type":"bool","description":"When true, sites under the account or sub-accounts can allow support of old TLS versions traffic. This can be configured only on the parent account level.","description_kind":"markdown","optional":true,"computed":true},"enable_hsts_for_new_sites":{"type":"bool","description":"When true, enables HSTS support for newly created websites.","description_kind":"markdown","optional":true},"id":{"type":"string","description_kind":"plain","optional":true,"computed":true},"use_wild_card_san_instead_of_fqdn":{"type":"bool","description":"Add wildcard SAN instead of FQDN SAN on the Imperva generated certificate for newly created sites.","description_kind":"markdown","optional":true}},"block_types":{"allowed_domain_for_cname_validation":{"nesting_mode":"set","block":{"attributes":{"cname_record_host":{"type":"string","description":"The CNAME record value to use to configure this domain for delegation.","description_kind":"markdown","computed":true},"cname_record_value":{"type":"string","description":"The CNAME record host to use.","description_kind":"markdown","computed":true},"creation_date":{"type":"number","description":"The domain creation date.","description_kind":"markdown","computed":true},"id":{"type":"number","description":"The domain id.","description_kind":"markdown","computed":true},"last_status_check":{"type":"number","description":"The domain last status check date.","description_kind":"markdown","computed":true},"name":{"type":"string","description":"The domain name.","description_kind":"markdown","required":true},"status":{"type":"string","description":"The domain status.","description_kind":"markdown","computed":true},"status_since":{"type":"number","description":"The domain status since date.","description_kind":"markdown","computed":true}},"description":"The list of domains that Imperva allow to prove ownership on, on behalf of the customer.","description_kind":"markdown"}}},"description_kind":"plain"}},"incapsula_account_user":{"version":0,"block":{"attributes":{"account_id":{"type":"number","description":"Unique ID of the required account . example: 123456","description_kind":"markdown","required":true},"email":{"type":"string","description":"Email address. For example: joe@example.com. example: userEmail@imperva.com","description_kind":"markdown","required":true},"first_name":{"type":"string","description":"The first name of the user that was acted on. example: John","description_kind":"markdown","optional":true},"id":{"type":"string","description_kind":"plain","optional":true,"computed":true},"last_name":{"type":"string","description":"The last name of the user that was acted on. example: Snow","description_kind":"markdown","optional":true},"role_ids":{"type":["set","number"],"description":"List of role ids to add to the user.","description_kind":"markdown","optional":true},"role_names":{"type":["set","string"],"description":"List of role names.","description_kind":"markdown","computed":true}},"description_kind":"plain"}},"incapsula_api_security_api_config":{"version":0,"block":{"attributes":{"api_specification":{"type":"string","description":"The API specification document content. The supported format is OAS2 or OAS3","description_kind":"markdown","required":true},"base_path":{"type":"string","description":"Override the spec basePath / server base path with this value","description_kind":"markdown","optional":true,"computed":true},"description":{"type":"string","description":"A description that will help recognize the API in the dashboard","description_kind":"markdown","optional":true},"host_name":{"type":"string","description":"The host name from the swagger file","description_kind":"markdown","computed":true},"id":{"type":"string","description_kind":"plain","optional":true,"computed":true},"invalid_method_violation_action":{"type":"string","description":"The action taken when an invalid method Violation occurs. Possible values: ALERT_ONLY, BLOCK_REQUEST, BLOCK_USER, BLOCK_IP, IGNORE, DEFAULT. Assigning DEFAULT will inherit the action from parent object","description_kind":"markdown","optional":true},"invalid_param_name_violation_action":{"type":"string","description":"The violation action taken when invalid request parameter name was sent. Possible values: ALERT_ONLY, BLOCK_REQUEST, BLOCK_USER, BLOCK_IP, IGNORE, DEFAULT. Assigning DEFAULT will inherit the action from parent object","description_kind":"markdown","optional":true,"computed":true},"invalid_param_value_violation_action":{"type":"string","description":"The action taken when an invalid parameter value Violation occurs. Possible values: ALERT_ONLY, BLOCK_REQUEST, BLOCK_USER, BLOCK_IP, IGNORE, DEFAULT. Assigning DEFAULT will inherit the action from parent object","description_kind":"markdown","optional":true},"invalid_url_violation_action":{"type":"string","description":"The violation action taken when invalid URL was used. Possible values: ALERT_ONLY, BLOCK_REQUEST, BLOCK_USER, BLOCK_IP, IGNORE, DEFAULT. Assigning DEFAULT will inherit the action from parent object","description_kind":"markdown","optional":true},"last_modified":{"type":"number","description":"The last modified timestamp","description_kind":"markdown","computed":true},"missing_param_violation_action":{"type":"string","description":"The action taken when a missing parameter Violation occurs. Possible values: ALERT_ONLY, BLOCK_REQUEST, BLOCK_USER, BLOCK_IP, IGNORE, DEFAULT. Assigning DEFAULT will inherit the action from parent object","description_kind":"markdown","optional":true},"site_id":{"type":"number","description":"Numeric identifier of the site to operate on. ","description_kind":"markdown","required":true}},"description_kind":"plain"}},"incapsula_api_security_endpoint_config":{"version":0,"block":{"attributes":{"api_id":{"type":"number","description":"The site ID which API security is configured on.","description_kind":"markdown","required":true},"id":{"type":"string","description_kind":"plain","optional":true,"computed":true},"invalid_param_name_violation_action":{"type":"string","description":"The action taken when an invalid parameter name Violation occurs. Possible values: ALERT_ONLY, BLOCK_REQUEST, BLOCK_USER, BLOCK_IP, IGNORE, DEFAULT. Assigning DEFAULT will inherit the action from parent object.","description_kind":"markdown","optional":true,"computed":true},"invalid_param_value_violation_action":{"type":"string","description":"The action taken when an invalid parameter value Violation occurs. Possible values: ALERT_ONLY, BLOCK_REQUEST, BLOCK_USER, BLOCK_IP, IGNORE, DEFAULT. Assigning DEFAULT will inherit the action from parent object.","description_kind":"markdown","optional":true},"method":{"type":"string","description":"HTTP method that describes a specific endpoint. Possible values: POST, GET, PUT, PATCH, DELETE, HEAD, OPTIONS","description_kind":"markdown","required":true},"missing_param_violation_action":{"type":"string","description":"The action taken when an invalid URL Violation occurs. Possible values: ALERT_ONLY, BLOCK_REQUEST, BLOCK_USER, BLOCK_IP, IGNORE, DEFAULT. Assigning DEFAULT will inherit the action from parent object.","description_kind":"markdown","optional":true},"path":{"type":"string","description":"An URL path of specific endpoint ","description_kind":"markdown","required":true}},"description_kind":"plain"}},"incapsula_api_security_site_config":{"version":0,"block":{"attributes":{"id":{"type":"string","description_kind":"plain","optional":true,"computed":true},"invalid_method_violation_action":{"type":"string","description":"The action taken when an invalid method Violation occurs. Possible values: ALERT_ONLY, BLOCK_REQUEST, BLOCK_USER, BLOCK_IP, IGNORE, DEFAULT.","description_kind":"markdown","optional":true},"invalid_param_name_violation_action":{"type":"string","description":"The action taken when an invalid parameter value Violation occurs. Possible values: ALERT_ONLY, BLOCK_REQUEST, BLOCK_USER, BLOCK_IP, IGNORE, DEFAULT.","description_kind":"markdown","optional":true,"computed":true},"invalid_param_value_violation_action":{"type":"string","description":"The action taken when an invalid parameter value Violation occurs. Possible values: ALERT_ONLY, BLOCK_REQUEST, BLOCK_USER, BLOCK_IP, IGNORE, DEFAULT.","description_kind":"markdown","optional":true},"invalid_url_violation_action":{"type":"string","description":"The action taken when an invalid URL Violation occurs. Possible values: ALERT_ONLY, BLOCK_REQUEST, BLOCK_USER, BLOCK_IP, IGNORE.","description_kind":"markdown","optional":true},"is_api_only_site":{"type":"bool","description":"Apply positive security model for all traffic on the site. Applying the positive security model for all traffic on the site may lead to undesired request blocking.","description_kind":"markdown","optional":true},"is_automatic_discovery_api_integration_enabled":{"type":"bool","description":"Parameter shows whether automatic API discovery is enabled","description_kind":"markdown","optional":true},"last_modified":{"type":"number","description":"The last modified timestamp","description_kind":"markdown","computed":true},"missing_param_violation_action":{"type":"string","description":"The action taken when a missing parameter Violation occurs. Possible values: ALERT_ONLY, BLOCK_REQUEST, BLOCK_USER, BLOCK_IP, IGNORE, DEFAULT.","description_kind":"markdown","optional":true},"non_api_request_violation_action":{"type":"string","description":"Action to be taken for traffic on the site that does not target the uploaded APIs. Possible values: ALERT_ONLY, BLOCK_REQUEST, BLOCK_USER, BLOCK_IP, IGNORE.","description_kind":"markdown","optional":true},"site_id":{"type":"number","description":"The Site ID of the the site the API security is configured on.","description_kind":"markdown","required":true}},"description_kind":"plain"}},"incapsula_application_delivery":{"version":0,"block":{"attributes":{"aggressive_compression":{"type":"bool","description":"A more aggressive method of compression is applied with the goal of minimizing the image file size, possibly impacting the final quality of the image displayed. Applies to JPEG compression only.","description_kind":"markdown","optional":true},"compress_jpeg":{"type":"bool","description":"Compress JPEG images. Compression reduces download time by reducing the file size.","description_kind":"markdown","optional":true},"compress_png":{"type":"bool","description":"Compress PNG images. Compression reduces download time by reducing the file size. PNG compression removes only image meta-data with no impact on quality.","description_kind":"markdown","optional":true},"compression_type":{"type":"string","description":"Gzip (default). Brotli (recommended for more efficient compression)","description_kind":"markdown","optional":true},"default_error_page_template":{"type":"string","description":"The default error page HTML template. $TITLE$ and $BODY$ placeholders are required.","description_kind":"markdown","optional":true},"enable_http2":{"type":"bool","description":"Allows supporting browsers to take advantage of the performance enhancements provided by HTTP/2 for your website. Non-supporting browsers can connect via HTTP/1.0 or HTTP/1.1.","description_kind":"markdown","optional":true},"error_abp_identification_failed":{"type":"string","description":"The inner HTML template for 'ABP identification failed' error. Only HTML elements located inside the body tag are supported. Set empty value to return to default.","description_kind":"markdown","optional":true},"error_access_denied":{"type":"string","description":"The HTML template for 'Access Denied' error. $TITLE$ and $BODY$ placeholders are required. Set empty value to return to default.","description_kind":"markdown","optional":true},"error_connection_failed":{"type":"string","description":"The HTML template for 'Unable to connect to origin server' error. $TITLE$ and $BODY$ placeholders are required. Set empty value to return to default.","description_kind":"markdown","optional":true},"error_connection_timeout":{"type":"string","description":"The HTML template for 'Connection Timeout' error. $TITLE$ and $BODY$ placeholders are required. Set empty value to return to default.","description_kind":"markdown","optional":true},"error_deny_and_captcha":{"type":"string","description":"The HTML template for 'Initial connection denied - CAPTCHA required' error. $TITLE$ and $BODY$ placeholders are required. Set empty value to return to default.","description_kind":"markdown","optional":true},"error_no_ssl_config":{"type":"string","description":"The HTML template for 'Site not configured for SSL' error. $TITLE$ and $BODY$ placeholders are required. Set empty value to return to default.","description_kind":"markdown","optional":true},"error_parse_req_error":{"type":"string","description":"The HTML template for 'Unable to parse request' error. $TITLE$ and $BODY$ placeholders are required. Set empty value to return to default.","description_kind":"markdown","optional":true},"error_parse_resp_error":{"type":"string","description":"The HTML template for 'Unable to parse response' error. $TITLE$ and $BODY$ placeholders are required. Set empty value to return to default.","description_kind":"markdown","optional":true},"error_ssl_failed":{"type":"string","description":"The HTML template for 'Unable to establish SSL connection' error. $TITLE$ and $BODY$ placeholders are required. Set empty value to return to default.","description_kind":"markdown","optional":true},"file_compression":{"type":"bool","description":"When this option is enabled, files such as JavaScript, CSS and HTML are dynamically compressed using the selected format as they are transferred. They are automatically unzipped within the browser. If Brotli is not supported by the browser, files are automatically sent in Gzip.","description_kind":"markdown","optional":true},"http2_to_origin":{"type":"bool","description":"Enables HTTP/2 for the connection between Imperva and your origin server. (HTTP/2 must also be supported by the origin server.)","description_kind":"markdown","optional":true},"id":{"type":"string","description_kind":"plain","optional":true,"computed":true},"minify_css":{"type":"bool","description":"Content minification can applied only to cached Javascript, CSS and HTML content.","description_kind":"markdown","optional":true},"minify_js":{"type":"bool","description":"Minify JavaScript. Minification removes characters that are not necessary for rendering the page, such as whitespace and comments. This makes the files smaller and therefore reduces their access time. Minification has no impact on the functionality of the Javascript, CSS, and HTML files.","description_kind":"markdown","optional":true},"minify_static_html":{"type":"bool","description":"Minify static HTML","description_kind":"markdown","optional":true},"origin_connection_reuse":{"type":"bool","description":"TCP connections that are opened for a client request remain open for a short time to handle additional requests that may arrive.","description_kind":"markdown","optional":true},"port_to":{"type":"number","description":"The port number. If field is set to 80 (the default value), rewrite port will be removed.","description_kind":"markdown","optional":true},"progressive_image_rendering":{"type":"bool","description":"The image is rendered with progressively finer resolution, potentially causing a pixelated effect until the final image is rendered with no loss of quality. This option reduces page load times and allows images to gradually load after the page is rendered.","description_kind":"markdown","optional":true},"redirect_http_to_https":{"type":"bool","description":"Sites that require an HTTPS connection force all HTTP requests to be redirected to HTTPS. This option is displayed only for an SSL site.","description_kind":"markdown","optional":true},"redirect_naked_to_full":{"type":"bool","description":"Redirect all visitors to your site’s full domain (which includes www). This option is displayed only for a naked domain.","description_kind":"markdown","optional":true},"site_id":{"type":"number","description":"Numeric identifier of the site to operate on. ","description_kind":"markdown","required":true},"ssl_port_to":{"type":"number","description":"The port number to rewrite default SSL port to. if field is set to 443 (the default value), rewrite SSL port will be removed.","description_kind":"markdown","optional":true},"support_non_sni_clients":{"type":"bool","description":"By default, non-SNI clients are supported. Disable this option to block non-SNI clients.","description_kind":"markdown","optional":true},"tcp_pre_pooling":{"type":"bool","description":"Maintain a set of idle TCP connections to the origin server to eliminate the latency associated with opening new connections or new requests (TCP handshake).","description_kind":"markdown","optional":true}},"description_kind":"plain"}},"incapsula_ato_endpoint_mitigation_configuration":{"version":0,"block":{"attributes":{"account_id":{"type":"number","description":"Account ID that the site belongs to.","description_kind":"markdown","optional":true},"endpoint_id":{"type":"string","description":"Endpoint ID associated with this request","description_kind":"markdown","required":true},"id":{"type":"string","description_kind":"plain","optional":true,"computed":true},"mitigation_action_for_high_risk":{"type":"string","description":"Mitigation action configured for high risk requests - in UPPER CASE.","description_kind":"markdown","required":true},"mitigation_action_for_low_risk":{"type":"string","description":"Mitigation action configured for low risk requests - in UPPER CASE.","description_kind":"markdown","required":true},"mitigation_action_for_medium_risk":{"type":"string","description":"Mitigation action configured for medium risk requests - in UPPER CASE.","description_kind":"markdown","required":true},"site_id":{"type":"number","description":"Site ID to get the allowlist for.","description_kind":"markdown","required":true}},"description_kind":"plain"}},"incapsula_ato_site_allowlist":{"version":0,"block":{"attributes":{"account_id":{"type":"number","description":"Account ID that the site belongs to.","description_kind":"markdown","optional":true},"allowlist":{"type":["list",["map","string"]],"description":"The allowlist of IPs and IP ranges for the given site ID","description_kind":"markdown","optional":true},"id":{"type":"string","description_kind":"plain","optional":true,"computed":true},"site_id":{"type":"number","description":"Site ID to get the allowlist for.","description_kind":"markdown","required":true}},"description_kind":"plain"}},"incapsula_bots_configuration":{"version":0,"block":{"attributes":{"bad_bots":{"type":["set","number"],"description":"List of bots for Bad Bots configuration","description_kind":"markdown","optional":true},"canceled_good_bots":{"type":["set","number"],"description":"List of bots for Canceled Good Bots configuration","description_kind":"markdown","optional":true},"id":{"type":"string","description_kind":"plain","optional":true,"computed":true},"site_id":{"type":"string","description":"Numeric identifier of the site to operate on.","description_kind":"markdown","required":true}},"description_kind":"plain"}},"incapsula_cache_rule":{"version":0,"block":{"attributes":{"action":{"type":"string","description":"Rule action. See the detailed descriptions in the API documentation. Possible values: `HTTP_CACHE_MAKE_STATIC`, `HTTP_CACHE_CLIENT_CACHE_CTL`, `HTTP_CACHE_FORCE_UNCACHEABLE`, `HTTP_CACHE_ADD_TAG`, `HTTP_CACHE_DIFFERENTIATE_SSL`, `HTTP_CACHE_DIFFERENTIATE_BY_HEADER`, `HTTP_CACHE_DIFFERENTIATE_BY_COOKIE`, `HTTP_CACHE_DIFFERENTIATE_BY_GEO`, `HTTP_CACHE_IGNORE_PARAMS`, `HTTP_CACHE_ENRICH_CACHE_KEY`, `HTTP_CACHE_FORCE_VALIDATION`, `HTTP_CACHE_IGNORE_AUTH_HEADER`.","description_kind":"markdown","required":true},"differentiate_by_value":{"type":"string","description":"Value to differentiate resources by. Relevant for `HTTP_CACHE_DIFFERENTIATE_BY_HEADER`, `HTTP_CACHE_DIFFERENTIATE_BY_COOKIE` and `HTTP_CACHE_DIFFERENTIATE_BY_GEO` actions.","description_kind":"markdown","optional":true},"enabled":{"type":"bool","description":"Boolean that specifies if the rule should be enabled.","description_kind":"markdown","required":true},"filter":{"type":"string","description":"The filter defines the conditions that trigger the rule action, if left empty, the rule is always run.","description_kind":"markdown","required":true},"id":{"type":"string","description_kind":"plain","optional":true,"computed":true},"ignored_params":{"type":"string","description":"Parameters to ignore. Relevant for `HTTP_CACHE_IGNORE_PARAMS` action. An array containing `'*'` means all parameters are ignored.","description_kind":"markdown","optional":true},"name":{"type":"string","description":"Rule name","description_kind":"markdown","required":true},"site_id":{"type":"string","description":"Numeric identifier of the site to operate on.","description_kind":"markdown","required":true},"text":{"type":"string","description":"Tag name if action is `HTTP_CACHE_ADD_TAG` action, text to be added to the cache key as suffix if action is `HTTP_CACHE_ENRICH_CACHE_KEY`.","description_kind":"markdown","optional":true},"ttl":{"type":"number","description":"TTL in seconds. Relevant for `HTTP_CACHE_MAKE_STATIC` and `HTTP_CACHE_CLIENT_CACHE_CTL` actions.","description_kind":"markdown","optional":true}},"description_kind":"plain"}},"incapsula_csp_site_configuration":{"version":0,"block":{"attributes":{"account_id":{"type":"number","description":"Numeric identifier of the account to operate on.","description_kind":"markdown","required":true},"email_addresses":{"type":["set","string"],"description":"Email address for the event notification recipient list of a specific website. Notifications are reasonably small and limited in frequency","description_kind":"markdown","optional":true},"id":{"type":"string","description_kind":"plain","optional":true,"computed":true},"mode":{"type":"string","description":"Website Protection Mode. When in \"enforce\" mode, blocked resources will not be available in the application and new resources will be automatically blocked. When in \"monitor\" mode, all resources are available in the application and the system keeps track of all new domains that are discovered.\nValues: monitor\\enforce\\off\n","description_kind":"markdown","optional":true},"site_id":{"type":"number","description":"Numeric identifier of the site to operate on.","description_kind":"markdown","required":true}},"description_kind":"plain"}},"incapsula_csp_site_domain":{"version":0,"block":{"attributes":{"account_id":{"type":"number","description":"Numeric identifier of the account to operate on.","description_kind":"markdown","optional":true},"domain":{"type":"string","description":"The fully qualified domain name of the site. For example: www.example.com, hello.example.com.","description_kind":"markdown","required":true},"id":{"type":"string","description_kind":"plain","optional":true,"computed":true},"include_subdomains":{"type":"bool","description":"Defines Whether or not subdomains will inherit the allowance of the parent domain. Values: true, false","description_kind":"markdown","optional":true},"notes":{"type":["set","string"],"description":"Add a quick note to a domain to help in future analysis and investigation. You can add as many notes as you like.","description_kind":"markdown","optional":true},"site_id":{"type":"number","description":"Numeric identifier of the site to operate on.","description_kind":"markdown","required":true},"status":{"type":"string","description":"Defines whether the domain should be Blocked or Allowed once the site's mode changes to the Enforcement. Values: Blocked, Allowed","description_kind":"markdown","optional":true}},"description_kind":"plain"}},"incapsula_custom_certificate":{"version":0,"block":{"attributes":{"certificate":{"type":"string","description":"The certificate file in base64 format.","description_kind":"markdown","required":true,"sensitive":true},"id":{"type":"string","description_kind":"plain","optional":true,"computed":true},"input_hash":{"type":"string","description":"inputHash","description_kind":"markdown","optional":true},"passphrase":{"type":"string","description":"The passphrase used to protect your SSL certificate. This will be encoded in sha256 in terraform state.","description_kind":"markdown","optional":true,"sensitive":true},"private_key":{"type":"string","description":"The private key of the certificate in base64 format. Optional in case of PFX certificate file format. This will be encoded in sha256 in terraform state.","description_kind":"markdown","optional":true,"sensitive":true},"site_id":{"type":"string","description":"Numeric identifier of the site to operate on.","description_kind":"markdown","required":true}},"description_kind":"plain"}},"incapsula_custom_hsm_certificate":{"version":0,"block":{"attributes":{"certificate":{"type":"string","description":"The certificate file in base64 format.","description_kind":"markdown","required":true},"id":{"type":"string","description_kind":"plain","optional":true,"computed":true},"input_hash":{"type":"string","description":"inputHash","description_kind":"markdown","optional":true},"site_id":{"type":"string","description":"Numeric identifier of the site to operate on.","description_kind":"markdown","required":true}},"block_types":{"api_detail":{"nesting_mode":"set","block":{"attributes":{"api_id":{"type":"string","description":"The api id of the hsm server","description_kind":"markdown","required":true,"sensitive":true},"api_key":{"type":"string","description":"the api key in of the hsm server","description_kind":"markdown","required":true,"sensitive":true},"hostname":{"type":"string","description":"The hostname of the hsm server","description_kind":"markdown","required":true}},"description":"The details of the API in Fortanix","description_kind":"markdown"}}},"description_kind":"plain"}},"incapsula_data_center":{"version":0,"block":{"attributes":{"id":{"type":"string","description_kind":"plain","optional":true,"computed":true},"is_content":{"type":"string","description":"The data center will be available for specific resources (Forward Delivery Rules).","description_kind":"markdown","optional":true,"computed":true},"is_enabled":{"type":"string","description":"Enables the data center.","description_kind":"markdown","optional":true},"name":{"type":"string","description":"The new data center's name.","description_kind":"markdown","required":true},"server_address":{"type":"string","description":"The server's address. Possible values: IP, CNAME.","description_kind":"markdown","required":true},"site_id":{"type":"string","description":"Numeric identifier of the site to operate on.","description_kind":"markdown","required":true}},"block_types":{"timeouts":{"nesting_mode":"single","block":{"attributes":{"create":{"type":"string","description_kind":"plain","optional":true},"delete":{"type":"string","description_kind":"plain","optional":true},"update":{"type":"string","description_kind":"plain","optional":true}},"description_kind":"plain"}}},"description_kind":"plain","deprecated":true}},"incapsula_data_center_server":{"version":0,"block":{"attributes":{"dc_id":{"type":"string","description":"Numeric identifier of the data center server to operate on.","description_kind":"markdown","required":true},"id":{"type":"string","description_kind":"plain","optional":true,"computed":true},"is_enabled":{"type":"string","description":"Enables the data center server.","description_kind":"markdown","optional":true},"is_standby":{"type":"string","description":"Set the server as Active (P0) or Standby (P1).","description_kind":"markdown","optional":true},"server_address":{"type":"string","description":"The server's address.","description_kind":"markdown","optional":true},"site_id":{"type":"string","description":"Numeric identifier of the site to operate on.","description_kind":"markdown","required":true}},"description_kind":"plain","deprecated":true}},"incapsula_data_centers_configuration":{"version":0,"block":{"attributes":{"fail_over_required_monitors":{"type":"string","description":"How many Imperva PoPs should assess Data Center as down before failover is performed.","description_kind":"markdown","optional":true},"id":{"type":"string","description_kind":"plain","optional":true,"computed":true},"is_persistent":{"type":"bool","description":"When true our proxy servers will maintain session stickiness to origin servers by a cookie.","description_kind":"markdown","optional":true},"kickstart_password":{"type":"string","description":"Password, if required by the kickstart URL.","description_kind":"markdown","optional":true},"kickstart_url":{"type":"string","description":"The URL that will be sent to the standby server when Imperva performs failover based on our monitoring. E.g. https://www.example.com/kickStart","description_kind":"markdown","optional":true},"kickstart_user":{"type":"string","description":"User name, if required by the kickstart URL.","description_kind":"markdown","optional":true},"min_available_servers_for_dc_up":{"type":"number","description":"The minimal number of available data center's servers to consider that data center as UP","description_kind":"markdown","optional":true},"site_id":{"type":"string","description":"Numeric identifier of the site to operate on.","description_kind":"markdown","required":true},"site_lb_algorithm":{"type":"string","description":"How to load balance between multiple Data Centers.","description_kind":"markdown","optional":true},"site_topology":{"type":"string","description":"One of: 'SINGLE_SERVER' - No LB supported, 'SINGLE_DC' - Multiple servers on single Data Center, or 'MULTIPLE_DC' - Multiple Data Centers having multiple origin servers.","description_kind":"markdown","optional":true}},"block_types":{"data_center":{"nesting_mode":"set","block":{"attributes":{"dc_id":{"type":"number","description":"Internal Data Center id.","description_kind":"markdown","computed":true},"dc_lb_algorithm":{"type":"string","description":"How to load balance between the servers of this data center.","description_kind":"markdown","optional":true},"geo_locations":{"type":"string","description":"List of geo regions that this data center will serve. Mandatory if site_lb_algorithm = GEO_PREFERRED or GEO_REQUIRED. E.g. \"ASIA,AFRICA\"","description_kind":"markdown","optional":true},"ip_mode":{"type":"string","description":"SINGLE_IP supports multiple processes on same origin server each listening to a different port, MULTIPLE_IP support multiple origin servers all listening to same port.","description_kind":"markdown","optional":true},"is_active":{"type":"bool","description":"Specifies if the Data Center is an active or a standby Data Center. No more than one standby Data Center can be defined.","description_kind":"markdown","optional":true},"is_content":{"type":"bool","description":"When true, this data center will only handle requests that were routed to it using application delivery forward rules. If true, must be an enabled data center.","description_kind":"markdown","optional":true},"is_enabled":{"type":"bool","description":"Specifies if the Data Center is enabled.","description_kind":"markdown","optional":true},"is_rest_of_the_world":{"type":"bool","description":"When true and site_lb_algorithm = GEO_PREFERRED or GEO_REQUIRED, exactly one data center must have is_rest_of_the_world = true. This data center will handle traffic from any region that is not assigned to a specific data center.","description_kind":"markdown","optional":true},"name":{"type":"string","description":"Data Center name","description_kind":"markdown","required":true},"origin_pop":{"type":"string","description":"The ID of the PoP that serves as an access point between Imperva and the customer’s origin server. E.g. \"lax\", for Los Angeles. When not specified, all Imperva PoPs can send traffic to this data center. The list of available PoPs is documented at: https://docs.imperva.com/bundle/cloud-application-security/page/more/pops.htm","description_kind":"markdown","optional":true},"web_servers_per_server":{"type":"number","description":"When IP mode = SINGLE_IP, number of web servers (processes) per server. Each web server listens to different port. E.g. when web_servers_per_server = 5, HTTP traffic will use ports 80-84 while HTTPS traffic will use ports 443-447","description_kind":"markdown","optional":true},"weight":{"type":"number","description":"When site_lb_algorithm = WEIGHTED_LB, the weight in pecentage of this Data Center. Then, total weight of all Data Centers must be 100.","description_kind":"markdown","optional":true}},"block_types":{"origin_server":{"nesting_mode":"set","block":{"attributes":{"address":{"type":"string","description":"Origin server address. can be specified as IPv4, IPv6, or DNS host name.","description_kind":"markdown","required":true},"is_active":{"type":"bool","description":"Specifies if the origin server is an active or a standby origin server.","description_kind":"markdown","optional":true},"is_enabled":{"type":"bool","description":"Specifies if the origin server is enabled.","description_kind":"markdown","optional":true},"weight":{"type":"number","description":"When dc_lb_algorithm = WEIGHTED, the weight in pecentage of this origin server. Then, total weight of all origin server on each Data Center must be 100.","description_kind":"markdown","optional":true}},"description":"A set of Origin Servers","description_kind":"markdown"},"min_items":1}},"description":"A set of Data Centers and their Origin Servers","description_kind":"markdown"},"min_items":1}},"description_kind":"plain"}},"incapsula_incap_rule":{"version":0,"block":{"attributes":{"action":{"type":"string","description":"Rule action. See the detailed descriptions in the API documentation. Possible values: `RULE_ACTION_REDIRECT`, `RULE_ACTION_SIMPLIFIED_REDIRECT`, `RULE_ACTION_REWRITE_URL`, `RULE_ACTION_REWRITE_HEADER`, `RULE_ACTION_REWRITE_COOKIE`, `RULE_ACTION_DELETE_HEADER`, `RULE_ACTION_DELETE_COOKIE`, `RULE_ACTION_RESPONSE_REWRITE_HEADER`, `RULE_ACTION_RESPONSE_DELETE_HEADER`, `RULE_ACTION_RESPONSE_REWRITE_RESPONSE_CODE`, `RULE_ACTION_FORWARD_TO_DC`, `RULE_ACTION_ALERT`, `RULE_ACTION_BLOCK`, `RULE_ACTION_BLOCK_USER`, `RULE_ACTION_BLOCK_IP`, `RULE_ACTION_RETRY`, `RULE_ACTION_INTRUSIVE_HTML`, `RULE_ACTION_CAPTCHA`, `RULE_ACTION_RATE`, `RULE_ACTION_CUSTOM_ERROR_RESPONSE`","description_kind":"markdown","required":true},"add_missing":{"type":"bool","description":"Add cookie or header if it doesn't exist (Rewrite cookie rule only).","description_kind":"markdown","optional":true},"dc_id":{"type":"number","description":"Data center to forward request to. Applies only for `RULE_ACTION_FORWARD_TO_DC`.","description_kind":"markdown","optional":true},"enabled":{"type":"bool","description":"Enable or disable rule.","description_kind":"markdown","optional":true},"error_response_data":{"type":"string","description":"The response returned when the request matches the filter and is blocked. Applies only for `RULE_ACTION_CUSTOM_ERROR_RESPONSE`.","description_kind":"markdown","optional":true},"error_response_format":{"type":"string","description":"The format of the given error response in the error_response_data field. Applies only for `RULE_ACTION_CUSTOM_ERROR_RESPONSE`. Possible values: `json`, `xml`.","description_kind":"markdown","optional":true},"error_type":{"type":"string","description":"The error that triggers the rule. `error.type.all` triggers the rule regardless of the error type. Applies only for `RULE_ACTION_CUSTOM_ERROR_RESPONSE`. Possible values: `error.type.all`, `error.type.connection_timeout`, `error.type.access_denied`, `error.type.parse_req_error`, `error.type.parse_resp_error`, `error.type.connection_failed`, `error.type.deny_and_retry`, `error.type.ssl_failed`, `error.type.deny_and_captcha`, `error.type.2fa_required`, `error.type.no_ssl_config`, `error.type.no_ipv6_config`.","description_kind":"markdown","optional":true},"filter":{"type":"string","description":"The filter defines the conditions that trigger the rule action. For action `RULE_ACTION_SIMPLIFIED_REDIRECT` filter is not relevant. For other actions, if left empty, the rule is always run.","description_kind":"markdown","optional":true},"from":{"type":"string","description":"Pattern to rewrite. For `RULE_ACTION_REWRITE_URL` - Url to rewrite. For `RULE_ACTION_REWRITE_HEADER` and `RULE_ACTION_RESPONSE_REWRITE_HEADER` - Header value to rewrite. For `RULE_ACTION_REWRITE_COOKIE` - Cookie value to rewrite.","description_kind":"markdown","optional":true},"id":{"type":"string","description_kind":"plain","optional":true,"computed":true},"multiple_deletions":{"type":"bool","description":"Delete multiple header occurrences. Applies only to rules using `RULE_ACTION_DELETE_HEADER` and `RULE_ACTION_RESPONSE_DELETE_HEADER`.","description_kind":"markdown","optional":true},"name":{"type":"string","description":"Rule name","description_kind":"markdown","required":true},"override_waf_action":{"type":"string","description":"The action for the override rule. Possible values: Alert Only, Block Request, Block User, Block IP, Ignore.","description_kind":"markdown","optional":true},"override_waf_rule":{"type":"string","description":"The setting to override. Possible values: SQL Injection, Remote File Inclusion, Cross Site Scripting, Illegal Resource Access.","description_kind":"markdown","optional":true},"port_forwarding_context":{"type":"string","description":"Context for port forwarding. \"Use Port Value\" or \"Use Header Name\". Applies only for `RULE_ACTION_FORWARD_TO_PORT`.","description_kind":"markdown","optional":true},"port_forwarding_value":{"type":"string","description":"Port number or header name for port forwarding. Applies only for `RULE_ACTION_FORWARD_TO_PORT`.","description_kind":"markdown","optional":true},"rate_context":{"type":"string","description":"The context of the rate counter. Possible values `IP` or `Session`. Applies only to rules using `RULE_ACTION_RATE`.","description_kind":"markdown","optional":true},"rate_interval":{"type":"number","description":"The interval in seconds of the rate counter. Possible values is a multiple of `10`; minimum `10` and maximum `300`. Applies only to rules using `RULE_ACTION_RATE`.","description_kind":"markdown","optional":true},"response_code":{"type":"number","description":"For `RULE_ACTION_REDIRECT` or `RULE_ACTION_SIMPLIFIED_REDIRECT` rule's response code, valid values are `302`, `301`, `303`, `307`, `308`. For `RULE_ACTION_RESPONSE_REWRITE_RESPONSE_CODE` rule's response code, valid values are all 3-digits numbers. For `RULE_ACTION_CUSTOM_ERROR_RESPONSE`, valid values are `400`, `401`, `402`, `403`, `404`, `405`, `406`, `407`, `408`, `409`, `410`, `411`, `412`, `413`, `414`, `415`, `416`, `417`, `419`, `420`, `422`, `423`, `424`, `500`, `501`, `502`, `503`, `504`, `505`, `507`.","description_kind":"markdown","optional":true},"rewrite_existing":{"type":"bool","description":"Rewrite cookie or header if it exists.","description_kind":"markdown","optional":true},"rewrite_name":{"type":"string","description":"Name of cookie or header to rewrite. Applies only for `RULE_ACTION_REWRITE_COOKIE`, `RULE_ACTION_REWRITE_HEADER` and `RULE_ACTION_RESPONSE_REWRITE_HEADER`.","description_kind":"markdown","optional":true},"site_id":{"type":"string","description":"Numeric identifier of the site to operate on.","description_kind":"markdown","required":true},"to":{"type":"string","description":"Pattern to change to. `RULE_ACTION_REWRITE_URL` - Url to change to. `RULE_ACTION_REWRITE_HEADER` and `RULE_ACTION_RESPONSE_REWRITE_HEADER` - Header value to change to. `RULE_ACTION_REWRITE_COOKIE` - Cookie value to change to.","description_kind":"markdown","optional":true}},"description_kind":"plain"}},"incapsula_mtls_client_to_imperva_ca_certificate":{"version":0,"block":{"attributes":{"account_id":{"type":"string","description":"Account ID to operte on","description_kind":"markdown","required":true},"certificate":{"type":"string","description":"The certificate file in base64 format.","description_kind":"markdown","required":true},"certificate_name":{"type":"string","description":"The certificate name","description_kind":"markdown","optional":true},"id":{"type":"string","description_kind":"plain","optional":true,"computed":true}},"description_kind":"plain"}},"incapsula_mtls_client_to_imperva_ca_certificate_site_association":{"version":0,"block":{"attributes":{"certificate_id":{"type":"string","description":"The certificate file in base64 format.","description_kind":"markdown","required":true},"id":{"type":"string","description_kind":"plain","optional":true,"computed":true},"site_id":{"type":"string","description":"The certificate file in base64 format.","description_kind":"markdown","required":true}},"description_kind":"plain"}},"incapsula_mtls_client_to_imperva_ca_certificate_site_settings":{"version":0,"block":{"attributes":{"fingerprints":{"type":["set","string"],"description":"Permitted client certificate fingerprints. If left empty, all fingerprints are permitted. Default - empty list.","description_kind":"markdown","optional":true},"forward_to_origin":{"type":"bool","description":"When set to true, the contents specified in headerValue are sent to the origin server in the header specified by headerName. Default - false. If parameter is set to true, specify of `header_name`, `header_value` are required.","description_kind":"markdown","optional":true},"header_name":{"type":"string","description":"The name of the header to send header content in. By default, the header name is 'clientCertificateInfo'. Specifying this parameter is relevant only if `forward_to_origin` is set to true.","description_kind":"markdown","optional":true},"header_value":{"type":"string","description":"The content to send in the header specified by headerName. One of the following: FULL_CERT (for full certificate in Base64) COMMON_NAME (for certificate's common name (CN)) FINGERPRINT (for the certificate fingerprints in SHA1) SERIAL_NUMBER (for the certificate's serial number). Specifying this parameter is relevant only if `forward_to_origin` is set to true.","description_kind":"markdown","optional":true},"hosts":{"type":["set","string"],"description":"The hosts on which client certificate authentication is supported. If left empty, client certificates are supported on all hosts. Default: empty list.","description_kind":"markdown","optional":true},"id":{"type":"string","description_kind":"plain","optional":true,"computed":true},"is_disable_session_resumption":{"type":"bool","description":"Disables SSL session resumption for site. Needed when Incapsula Client Certificate is needed only for specific hosts/ports and site have clients that reuse TLS session across different hosts/ports. Default: false.","description_kind":"markdown","optional":true},"is_hosts_exception":{"type":"bool","description":"When set to true, client certificates are not supported on the hosts listed in the Hosts field ('blacklisted'). Default - false.","description_kind":"markdown","optional":true},"is_ports_exception":{"type":"bool","description":"When set to true, client certificates are not supported on the ports listed in the Ports field ('blacklisted'). Default - false.","description_kind":"markdown","optional":true},"ports":{"type":["set","number"],"description":"The ports on which client certificate authentication is supported. If left empty, client certificates are supported on all ports. Default: empty list","description_kind":"markdown","optional":true},"require_client_certificate":{"type":"bool","description":"When set to true, the end user is required to present the client certificate in order to access the site. Default - false.","description_kind":"markdown","optional":true},"site_id":{"type":"string","description":"Numeric identifier of the site to operate on.","description_kind":"markdown","required":true}},"description_kind":"plain"}},"incapsula_mtls_imperva_to_origin_certificate":{"version":0,"block":{"attributes":{"account_id":{"type":"string","description":"Numeric identifier of the account to operate on. If not specified, operation will be performed on the account identified by the authentication parameters.","description_kind":"markdown","optional":true},"certificate":{"type":"string","description":"Your mTLS client certificate file in base64 format. Supported formats: PEM, DER and PFX. Only RSA certificates are currently supported. The certificate RSA key size must be 2048 bit or less. The certificate must be issued by a certificate authority (CA) and cannot be self-signed.","description_kind":"markdown","required":true,"sensitive":true},"certificate_name":{"type":"string","description":"A descriptive name for your mTLS client certificate.","description_kind":"markdown","optional":true},"id":{"type":"string","description_kind":"plain","optional":true,"computed":true},"input_hash":{"type":"string","description":"Currently ignored. If terraform plan flags this field as changed, it means that any of: certificate, private_key, or passphrase has changed.","description_kind":"markdown","optional":true},"passphrase":{"type":"string","description":"Your private key passphrase. Leave empty if the private key is not password protected.","description_kind":"markdown","optional":true,"sensitive":true},"private_key":{"type":"string","description":"Your private key file in base64 format. Supported formats: PEM, DER. If PFX certificate is used, then this field can remain empty.","description_kind":"markdown","optional":true,"sensitive":true}},"description_kind":"plain"}},"incapsula_mtls_imperva_to_origin_certificate_site_association":{"version":0,"block":{"attributes":{"certificate_id":{"type":"string","description":"The certificate file in base64 format.","description_kind":"markdown","required":true},"id":{"type":"string","description_kind":"plain","optional":true,"computed":true},"site_id":{"type":"string","description":"The certificate file in base64 format.","description_kind":"markdown","required":true}},"description_kind":"plain"}},"incapsula_notification_center_policy":{"version":0,"block":{"attributes":{"account_id":{"type":"number","description":"Account ID","description_kind":"markdown","required":true},"apply_to_new_assets":{"type":"string","description":"If value is ‘TRUE’, all newly onboarded assets are automatically added to the notification policy's assets list.\nDefault value is no\n","description_kind":"markdown","optional":true},"apply_to_new_sub_accounts":{"type":"string","description":"If value is ‘TRUE’, all newly onboarded sub accounts are automatically added to the notification policy's sub account list.\nDefault value is no\n","description_kind":"markdown","optional":true},"emailchannel_external_recipient_list":{"type":["list","string"],"description":"List of external email to get the notifications (not Imperva users)","description_kind":"markdown","optional":true},"emailchannel_user_recipient_list":{"type":["list","number"],"description":"List of Imperva users id to get the notifications","description_kind":"markdown","optional":true},"id":{"type":"string","description_kind":"plain","optional":true,"computed":true},"policy_name":{"type":"string","description":"The name of the policy","description_kind":"markdown","required":true},"policy_type":{"type":"string","description":"If value is ‘ACCOUNT’, the policy will apply only to the current account. \nIf the value is 'SUB_ACCOUNT' the policy applies to the sub accounts only. \n The parent account will receive notifications for activity in the sub accounts that are specified in the subAccountList parameter.\nThis parameter is available only in accounts that can contain sub accounts.\n","description_kind":"markdown","optional":true},"status":{"type":"string","description":"Indicates whether policy is enabled or disabled. Default value is ENABLE","description_kind":"markdown","optional":true},"sub_account_list":{"type":["list","number"],"description":"The policy ID. During update must be equal to the updated policy ID.","description_kind":"markdown","optional":true},"sub_category":{"type":"string","description":"Subtype of notification policy. Example values include: ‘account_notifications’; ‘website_notifications’; ‘certificate_management_notifications’","description_kind":"markdown","required":true}},"block_types":{"asset":{"nesting_mode":"set","block":{"attributes":{"asset_id":{"type":"number","description":"The asset id","description_kind":"markdown","optional":true},"asset_type":{"type":"string","description":"The asset type","description_kind":"markdown","required":true}},"description":"Assets to receive notifications (if assets are relevant to the sub category type). \nObject struct:\nassetType: the asset type. Example: websites, router connections, network prefixes, individual IPs, Flow exporters\nassetId: the asset id.\n","description_kind":"markdown"}}},"description_kind":"plain"}},"incapsula_origin_pop":{"version":0,"block":{"attributes":{"dc_id":{"type":"number","description":"Numeric identifier of the data center.","description_kind":"markdown","required":true},"id":{"type":"string","description_kind":"plain","optional":true,"computed":true},"origin_pop":{"type":"string","description":"The Origin POP code (must be lowercase), e.g: iad. Note, this field is create/update only. Reads are not supported as the API doesn't exist yet. Note that drift may happen.","description_kind":"markdown","required":true},"site_id":{"type":"number","description":"Numeric identifier of the site.","description_kind":"markdown","required":true}},"description_kind":"plain","deprecated":true}},"incapsula_policy":{"version":0,"block":{"attributes":{"account_id":{"type":"number","description":"The Account ID of the policy.","description_kind":"markdown","optional":true,"computed":true},"description":{"type":"string","description":"The policy description.","description_kind":"markdown","optional":true},"enabled":{"type":"bool","description":"Enables the policy.","description_kind":"markdown","required":true},"id":{"type":"string","description_kind":"plain","optional":true,"computed":true},"name":{"type":"string","description":"The policy name.","description_kind":"markdown","required":true},"policy_settings":{"type":"string","description":"The policy settings as JSON string. See Imperva documentation for help with constructing a correct value.","description_kind":"markdown","required":true},"policy_type":{"type":"string","description":"The policy type. Possible values: ACL, WHITELIST, WAF_RULES","description_kind":"markdown","required":true}},"description_kind":"plain"}},"incapsula_policy_asset_association":{"version":0,"block":{"attributes":{"account_id":{"type":"number","description":"The Asset's Account ID","description_kind":"markdown","optional":true,"computed":true},"asset_id":{"type":"string","description":"The Asset ID for the asset association. Only type of asset supported at the moment is site.","description_kind":"markdown","required":true},"asset_type":{"type":"string","description":"The Policy type for the asset association. Only value at the moment is `WEBSITE`.","description_kind":"markdown","required":true},"id":{"type":"string","description_kind":"plain","optional":true,"computed":true},"policy_id":{"type":"string","description":"The Policy ID for the asset association.","description_kind":"markdown","required":true}},"description_kind":"plain"}},"incapsula_security_rule_exception":{"version":0,"block":{"attributes":{"client_app_types":{"type":"string","description":"A comma separated list of client application types,","description_kind":"markdown","optional":true},"client_apps":{"type":"string","description":"A comma separated list of client application IDs.","description_kind":"markdown","optional":true},"continents":{"type":"string","description":"A comma separated list of continent codes.","description_kind":"markdown","optional":true},"countries":{"type":"string","description":"A comma separated list of country codes.","description_kind":"markdown","optional":true},"exception_id_only":{"type":"string","description":"The id (an integer) of the whitelist to be set. This field is optional - in case no id is supplied, a new whitelist will be created.","description_kind":"markdown","optional":true},"id":{"type":"string","description_kind":"plain","optional":true,"computed":true},"ips":{"type":"string","description":"A comma separated list of IPs or IP ranges, e.g: 192.168.1.1, 192.168.1.1-192.168.1.100 or 192.168.1.1/24","description_kind":"markdown","optional":true},"parameters":{"type":"string","description":"A comma separated list of encoded parameters.","description_kind":"markdown","optional":true},"rule_id":{"type":"string","description":"The identifier of the security rule, e.g api.threats.cross_site_scripting.","description_kind":"markdown","required":true},"site_id":{"type":"number","description":"Numeric identifier of the site to operate on.","description_kind":"markdown","required":true},"url_patterns":{"type":"string","description":"A comma separated list of url patterns. One of: contains | equals | prefix | suffix | not_equals | not_contain | not_prefix | not_suffix. The patterns should be in accordance with the matching urls sent by the urls parameter.","description_kind":"markdown","optional":true},"urls":{"type":"string","description":"A comma separated list of resource paths. For example, /home and /admin/index.html are resource paths, while http://www.example.com/home is not. Each URL should be encoded separately using percent encoding as specified by RFC 3986 (http://tools.ietf.org/html/rfc3986#section-2.1). An empty URL list will remove all URLs.","description_kind":"markdown","optional":true},"user_agents":{"type":"string","description":"A comma separated list of encoded user agents.","description_kind":"markdown","optional":true},"whitelist_id":{"type":"string","description":"The id (an integer) of the whitelist to be set. This field is optional - in case no id is supplied, a new whitelist will be created.","description_kind":"markdown","optional":true}},"description_kind":"plain"}},"incapsula_siem_connection":{"version":0,"block":{"attributes":{"access_key":{"type":"string","description":"Access key in AWS.","description_kind":"markdown","optional":true,"sensitive":true},"account_id":{"type":"string","description":"Client account id.","description_kind":"markdown","optional":true,"computed":true},"connection_name":{"type":"string","description":"Name of the connection.","description_kind":"markdown","required":true},"id":{"type":"string","description_kind":"plain","optional":true,"computed":true},"input_hash":{"type":"string","description":"inputHash","description_kind":"markdown","optional":true,"computed":true,"sensitive":true},"path":{"type":"string","description":"Store data from the specified connection under this path.","description_kind":"markdown","required":true},"secret_key":{"type":"string","description":"Secret key in AWS.","description_kind":"markdown","optional":true,"sensitive":true},"storage_type":{"type":"string","description":"Type of the storage.","description_kind":"markdown","required":true}},"description_kind":"plain"}},"incapsula_siem_log_configuration":{"version":0,"block":{"attributes":{"account_id":{"type":"string","description":"Client account id.","description_kind":"markdown","optional":true,"computed":true},"configuration_name":{"type":"string","description":"Name of the configuration.","description_kind":"markdown","required":true},"connection_id":{"type":"string","description":"The id of the connection for this log configuration.","description_kind":"markdown","required":true},"datasets":{"type":["list","string"],"description":"All datasets for the supported producers.","description_kind":"markdown","required":true},"enabled":{"type":"bool","description":"True if the connection is enabled, false otherwise.","description_kind":"markdown","required":true},"id":{"type":"string","description_kind":"plain","optional":true,"computed":true},"producer":{"type":"string","description":"Type of the producer.","description_kind":"markdown","required":true}},"description_kind":"plain"}},"incapsula_site":{"version":0,"block":{"attributes":{"acceleration_level":{"type":"string","description":"none | standard | aggressive.","description_kind":"markdown","optional":true,"computed":true},"account_id":{"type":"number","description":"Numeric identifier of the account to operate on. If not specified, operation will be performed on the account identified by the authentication parameters.","description_kind":"markdown","optional":true,"computed":true},"active":{"type":"string","description":"active or bypass.","description_kind":"markdown","optional":true,"computed":true},"approver":{"type":"string","description":"my.approver@email.com (some approver email address).","description_kind":"markdown","optional":true},"data_storage_region":{"type":"string","description":"The data region to use. Options are `APAC`, `AU`, `EU`, and `US`.","description_kind":"markdown","optional":true,"computed":true},"dns_a_record_name":{"type":"string","description":"A record name.","description_kind":"markdown","computed":true},"dns_a_record_value":{"type":["list","string"],"description":"A record value.","description_kind":"markdown","computed":true},"dns_cname_record_name":{"type":"string","description":"CNAME record name.","description_kind":"markdown","computed":true},"dns_cname_record_value":{"type":"string","description":"CNAME record value.","description_kind":"markdown","computed":true},"dns_record_name":{"type":"string","description":"The DNS Record type TXT that should be created and set to the `domain_verification` output value.","description_kind":"markdown","computed":true},"domain":{"type":"string","description":"The fully qualified domain name of the site. For example: www.example.com, hello.example.com.","description_kind":"markdown","required":true},"domain_redirect_to_full":{"type":"string","description":"true or empty string.","description_kind":"markdown","optional":true},"domain_validation":{"type":"string","description":"email or html or dns or cname.","description_kind":"markdown","optional":true},"domain_verification":{"type":"string","description":"Domain verification (e.g. GlobalSign verification).","description_kind":"markdown","computed":true},"force_ssl":{"type":"string","description":"If this value is true, manually set the site to support SSL. This option is only available for sites with manually configured IP/CNAME and for specific accounts.","description_kind":"markdown","optional":true},"hash_salt":{"type":"string","description":"Specify the hash salt (masking setting), required if hashing is enabled. Maximum length of 64 characters.","description_kind":"markdown","optional":true,"computed":true},"hashing_enabled":{"type":"bool","description":"Specify if hashing (masking setting) should be enabled.","description_kind":"markdown","optional":true,"computed":true},"id":{"type":"string","description_kind":"plain","optional":true,"computed":true},"ignore_ssl":{"type":"string","description":"true or empty string.","description_kind":"markdown","optional":true},"log_level":{"type":"string","description":"The log level. Options are `full`, `security`, and `none`.","description_kind":"markdown","optional":true,"computed":true},"logs_account_id":{"type":"string","description":"Available only for Enterprise Plan customers that purchased the Logs Integration SKU. Numeric identifier of the account that purchased the logs integration SKU and which collects the logs. If not specified, operation will be performed on the account identified by the authentication parameters.","description_kind":"markdown","optional":true},"naked_domain_san":{"type":"bool","description":"Use 'true' to add the naked domain SAN to a www site’s SSL certificate. Default value: true","description_kind":"markdown","optional":true},"original_data_center_id":{"type":"number","description":"Numeric representation of the data center created with the site.","description_kind":"markdown","deprecated":true,"computed":true},"perf_client_comply_no_cache":{"type":"bool","description":"Comply with No-Cache and Max-Age directives in client requests. By default, these cache directives are ignored. Resources are dynamically profiled and re-configured to optimize performance.","description_kind":"markdown","optional":true,"computed":true},"perf_client_enable_client_side_caching":{"type":"bool","description":"Cache content on client browsers or applications. When not enabled, content is cached only on the Imperva proxies.","description_kind":"markdown","optional":true,"computed":true},"perf_client_send_age_header":{"type":"bool","description":"Send Cache-Control: max-age and Age headers.","description_kind":"markdown","optional":true,"computed":true},"perf_key_comply_vary":{"type":"bool","description":"Comply with Vary. Cache resources in accordance with the Vary response header.","description_kind":"markdown","optional":true,"computed":true},"perf_key_unite_naked_full_cache":{"type":"bool","description":"Use the Same Cache for Full and Naked Domains. For example, use the same cached resource for www.example.com/a and example.com/a.","description_kind":"markdown","optional":true,"computed":true},"perf_mode_https":{"type":"string","description":"The resources that are cached over HTTPS, the general level applies. Options are `disabled`, `dont_include_html`, `include_html`, and `include_all_resources`.","description_kind":"markdown","optional":true,"computed":true},"perf_mode_level":{"type":"string","description":"Caching level. Options are `disable`, `standard`, `smart`, and `all_resources`.","description_kind":"markdown","optional":true,"computed":true},"perf_mode_time":{"type":"number","description":"The time, in seconds, that you set for this option determines how often the cache is refreshed. Relevant for the `include_html` and `include_all_resources` levels only.","description_kind":"markdown","optional":true,"computed":true},"perf_response_cache_300x":{"type":"bool","description":"When this option is checked Imperva will cache 301, 302, 303, 307, and 308 redirect response headers containing the target URI.","description_kind":"markdown","optional":true,"computed":true},"perf_response_cache_404_enabled":{"type":"bool","description":"Whether or not to cache 404 responses.","description_kind":"markdown","optional":true,"computed":true},"perf_response_cache_404_time":{"type":"number","description":"The time in seconds to cache 404 responses.","description_kind":"markdown","optional":true,"computed":true},"perf_response_cache_empty_responses":{"type":"bool","description":"Cache responses that don’t have a message body.","description_kind":"markdown","optional":true,"computed":true},"perf_response_cache_http_10_responses":{"type":"bool","description":"Cache HTTP 1.0 type responses that don’t include the Content-Length header or chunking.","description_kind":"markdown","optional":true,"computed":true},"perf_response_cache_response_header_mode":{"type":"string","description":"The working mode for caching response headers. Options are `all` and `custom`.","description_kind":"markdown","optional":true,"computed":true},"perf_response_cache_response_headers":{"type":["list","string"],"description":"An array of strings representing the response headers to be cached when working in `custom` mode. If empty, no response headers are cached.","description_kind":"markdown","optional":true,"computed":true},"perf_response_cache_shield":{"type":"bool","description":"Adds an intermediate cache between other Imperva PoPs and your origin servers to protect your servers from redundant requests.","description_kind":"markdown","optional":true,"computed":true},"perf_response_stale_content_mode":{"type":"string","description":"The working mode for serving stale content. Options are `disabled`, `adaptive`, and `custom`.","description_kind":"markdown","optional":true,"computed":true},"perf_response_stale_content_time":{"type":"number","description":"The time, in seconds, to serve stale content for when working in `custom` work mode.","description_kind":"markdown","optional":true,"computed":true},"perf_response_tag_response_header":{"type":"string","description":"Tag the response according to the value of this header. Specify which origin response header contains the cache tags in your resources.","description_kind":"markdown","optional":true,"computed":true},"perf_ttl_prefer_last_modified":{"type":"bool","description":"Prefer 'Last Modified' over eTag. When this option is checked, Imperva prefers using Last Modified values (if available) over eTag values (recommended on multi-server setups).","description_kind":"markdown","optional":true,"computed":true},"perf_ttl_use_shortest_caching":{"type":"bool","description":"Use shortest caching duration in case of conflicts. By default, the longest duration is used in case of conflict between caching rules or modes. When this option is checked, Imperva uses the shortest duration in case of conflict.","description_kind":"markdown","optional":true,"computed":true},"ref_id":{"type":"string","description":"Customer specific identifier for this operation.","description_kind":"markdown","optional":true},"remove_ssl":{"type":"string","description":"true or empty string.","description_kind":"markdown","optional":true},"restricted_cname_reuse":{"type":"string","description":"Use this option to allow Imperva to detect and add domains that are using the Imperva-provided CNAME (not recommended). One of: true | false","description_kind":"markdown","optional":true,"computed":true},"seal_location":{"type":"string","description":"api.seal_location.bottom_left | api.seal_location.none | api.seal_location.right_bottom | api.seal_location.right | api.seal_location.left | api.seal_location.bottom_right | api.seal_location.bottom.","description_kind":"markdown","optional":true,"computed":true},"send_site_setup_emails":{"type":"string","description":"If this value is false, end users will not get emails about the add site process such as DNS instructions and SSL setup.","description_kind":"markdown","optional":true},"site_creation_date":{"type":"number","description":"Numeric representation of the site creation date.","description_kind":"markdown","computed":true},"site_ip":{"type":"string","description":"Manually set the web server IP/CNAME.","description_kind":"markdown","optional":true,"computed":true},"wildcard_san":{"type":"bool","description":"Use 'true' to add the wildcard SAN or 'false' to add the full domain SAN to the site’s SSL certificate. Default value: true","description_kind":"markdown","optional":true}},"block_types":{"timeouts":{"nesting_mode":"single","block":{"attributes":{"delete":{"type":"string","description_kind":"plain","optional":true}},"description_kind":"plain"}}},"description_kind":"plain"}},"incapsula_site_domain_configuration":{"version":0,"block":{"attributes":{"cname_redirection_record":{"type":"string","description":"Cname record for traffic redirection. Point your domain's DNS to this record in order to forward the traffic to Imperva","description_kind":"markdown","computed":true},"id":{"type":"string","description_kind":"plain","optional":true,"computed":true},"site_id":{"type":"string","description":"Numeric identifier of the site to operate on.","description_kind":"markdown","required":true}},"block_types":{"domain":{"nesting_mode":"set","block":{"attributes":{"id":{"type":"number","description":"Numeric identifier of the domain on Imperva service","description_kind":"markdown","computed":true},"name":{"type":"string","description":"Domain name","description_kind":"markdown","required":true},"status":{"type":"string","description":"Status of the domain. Indicates if domain DNS is pointed to Imperva's CNAME. Options: BYPASSED, VERIFIED, PROTECTED, MISCONFIGURED","description_kind":"markdown","computed":true}},"description":"A set of domains.","description_kind":"markdown"},"min_items":1},"timeouts":{"nesting_mode":"single","block":{"attributes":{"read":{"type":"string","description_kind":"plain","optional":true},"update":{"type":"string","description_kind":"plain","optional":true}},"description_kind":"plain"}}},"description_kind":"plain"}},"incapsula_site_monitoring":{"version":0,"block":{"attributes":{"alarm_on_dc_failover":{"type":"bool","description":"Indicates whether or not an email will be sent upon server failover","description_kind":"markdown","optional":true},"alarm_on_server_failover":{"type":"bool","description":"Indicates whether or not an email will be sent upon data center failover","description_kind":"markdown","optional":true},"alarm_on_stands_by_failover":{"type":"bool","description":"Indicates whether or not an email will be sent upon failover to a standby data center","description_kind":"markdown","optional":true},"expected_received_string":{"type":"string","description":"The expected string. If left empty, any response, except for the codes defined in the HTTP response error codes to be treated as Down parameter, will be considered successful. If the value is non-empty, then the defined value must appear within the response string for the response to be considered successful.","description_kind":"markdown","optional":true},"failed_requests_duration":{"type":"number","description":"The minimum duration of failures above the threshold to consider server as down. 20-180 SECONDS or 1-2 MINUTES. Default: 40","description_kind":"markdown","optional":true},"failed_requests_duration_units":{"type":"string","description":"Time unit. Possible values: SECONDS, MINUTES. Default: SECONDS","description_kind":"markdown","optional":true},"failed_requests_min_number":{"type":"number","description":"The minimum number of of failed requests to be considered as failure","description_kind":"markdown","optional":true},"failed_requests_percentage":{"type":"number","description":"The percentage of failed requests to the origin server","description_kind":"markdown","optional":true},"http_request_timeout":{"type":"number","description":"The maximum time to wait for an HTTP response. 1-200 SECONDS or 1-2 MINUTES","description_kind":"markdown","optional":true},"http_request_timeout_units":{"type":"string","description":"Time unit","description_kind":"markdown","optional":true},"http_response_error":{"type":"string","description":"The HTTP response error codes or patterns that will be counted as request failures","description_kind":"markdown","optional":true},"id":{"type":"string","description_kind":"plain","optional":true,"computed":true},"monitoring_url":{"type":"string","description":"The URL to use for monitoring your website.","description_kind":"markdown","optional":true},"required_monitors":{"type":"string","description":"Monitors required to report server / data center as down","description_kind":"markdown","optional":true},"site_id":{"type":"number","description":"Numeric identifier of the site to operate on.","description_kind":"markdown","required":true},"up_check_retries":{"type":"number","description":"Every time an origin server is tested to see whether it’s back up, the test will be retried this number of times.","description_kind":"markdown","optional":true},"up_checks_interval":{"type":"number","description":"After an origin server was identified as down, Imperva will periodically test it to see whether it has recovered, according to the frequency defined in this parameter. 10-120 SECONDS or 1-2 MINUTES","description_kind":"markdown","optional":true},"up_checks_interval_units":{"type":"string","description":"Time unit. Default: SECONDS","description_kind":"markdown","optional":true},"use_verification_for_down":{"type":"bool","description":"If Imperva determines that an origin server is down according to failed request criteria, it will initiate another request to verify that the origin server is down","description_kind":"markdown","optional":true}},"description_kind":"plain"}},"incapsula_site_ssl_settings":{"version":0,"block":{"attributes":{"id":{"type":"string","description_kind":"plain","optional":true,"computed":true},"site_id":{"type":"number","description":"Numeric identifier of the site to operate on.","description_kind":"markdown","required":true}},"block_types":{"hsts":{"nesting_mode":"set","block":{"attributes":{"is_enabled":{"type":"bool","description_kind":"plain","optional":true,"computed":true},"max_age":{"type":"number","description_kind":"plain","optional":true},"pre_loaded":{"type":"bool","description_kind":"plain","optional":true,"computed":true},"sub_domains_included":{"type":"bool","description_kind":"plain","optional":true,"computed":true}},"description_kind":"plain"}}},"description_kind":"plain"}},"incapsula_subaccount":{"version":0,"block":{"attributes":{"data_storage_region":{"type":"string","description":"Default data region of the sub account for newly created sites. Options are `APAC`, `EU`, `US` and `AU`. Defaults to `DEFAULT`.","description_kind":"markdown","optional":true},"enable_http2_for_new_sites":{"type":"string","description":"Enable HTTP/2 for traffic between end-users (visitors) and Imperva for newly created SSL sites. Options are `true` and `false`. Defaults to `true`","description_kind":"markdown","optional":true},"enable_http2_to_origin_for_new_sites":{"type":"string","description":"Enable HTTP/2 support for traffic between Imperva and your origin server for newly created SSL sites. This option can only be 'true' once 'enable_http2_for_new_sites' is enabled for newly created sites. Options are `true` and `false`. Defaults to `false`","description_kind":"markdown","optional":true},"id":{"type":"string","description_kind":"plain","optional":true,"computed":true},"log_level":{"type":"string","description":"The log level. Options are `full`, `security`, `none` and `default`.","description_kind":"markdown","optional":true},"logs_account_id":{"type":"number","description":"Available only for Enterprise Plan customers that purchased the Logs Integration SKU. Numeric identifier of the account that purchased the logs integration SKU and which collects the logs. If not specified, operation will be performed on the account identified by the authentication parameters.","description_kind":"markdown","optional":true},"parent_id":{"type":"number","description":"The newly created account's parent id. If not specified, the invoking account will be assigned as the parent.","description_kind":"markdown","optional":true,"computed":true},"ref_id":{"type":"string","description":"Customer specific identifier for this operation.","description_kind":"markdown","optional":true},"sub_account_name":{"type":"string","description":"The name of the new sub-account.","description_kind":"markdown","required":true}},"description_kind":"plain"}},"incapsula_txt_record":{"version":0,"block":{"attributes":{"id":{"type":"string","description_kind":"plain","optional":true,"computed":true},"site_id":{"type":"number","description":"Numeric identifier of the site.","description_kind":"markdown","required":true},"txt_record_value_five":{"type":"string","description":"New value for txt record number five.","description_kind":"markdown","optional":true},"txt_record_value_four":{"type":"string","description":"New value for txt record number four.","description_kind":"markdown","optional":true},"txt_record_value_one":{"type":"string","description":"New value for txt record number one.","description_kind":"markdown","optional":true},"txt_record_value_three":{"type":"string","description":"New value for txt record number three.","description_kind":"markdown","optional":true},"txt_record_value_two":{"type":"string","description":"New value for txt record number two.","description_kind":"markdown","optional":true}},"description_kind":"plain"}},"incapsula_waf_log_setup":{"version":0,"block":{"attributes":{"account_id":{"type":"number","description":"The Numeric identifier of the account to operate on.","description_kind":"markdown","required":true},"enabled":{"type":"bool","description":"A boolean flag to enable or disable WAF Logs.","description_kind":"markdown","optional":true},"id":{"type":"string","description_kind":"plain","optional":true,"computed":true},"s3_access_key":{"type":"string","description":"S3 access key.","description_kind":"markdown","optional":true},"s3_bucket_name":{"type":"string","description":"S3 bucket name.","description_kind":"markdown","optional":true},"s3_secret_key":{"type":"string","description":"S3 secret key.","description_kind":"markdown","optional":true,"sensitive":true},"sftp_destination_folder":{"type":"string","description":"The path to the directory on the SFTP server.","description_kind":"markdown","optional":true},"sftp_host":{"type":"string","description":"The IP address of your SFTP server.\n.","description_kind":"markdown","optional":true},"sftp_password":{"type":"string","description":"A corresponding password for the user account used to log in to the SFTP server.","description_kind":"markdown","optional":true,"sensitive":true},"sftp_user_name":{"type":"string","description":"A username that will be used to log in to the SFTP server.","description_kind":"markdown","optional":true}},"description_kind":"plain"}},"incapsula_waf_security_rule":{"version":0,"block":{"attributes":{"activation_mode":{"type":"string","description":"The mode of activation for ddos on a site. Possible values: api.threats.ddos.activation_mode.off, api.threats.ddos.activation_mode.auto, api.threats.ddos.activation_mode.on.","description_kind":"markdown","optional":true},"block_bad_bots":{"type":"string","description":"Whether or not to block bad bots. Possible values: true, false.","description_kind":"markdown","optional":true},"challenge_suspected_bots":{"type":"string","description":"Whether or not to send a challenge to clients that are suspected to be bad bots (CAPTCHA for example). Possible values: true, false.","description_kind":"markdown","optional":true},"ddos_traffic_threshold":{"type":"string","description":"Consider site to be under DDoS if the request rate is above this threshold. The valid values are 10, 20, 50, 100, 200, 500, 750, 1000, 2000, 3000, 4000, 5000.","description_kind":"markdown","optional":true},"id":{"type":"string","description_kind":"plain","optional":true,"computed":true},"rule_id":{"type":"string","description":"The identifier of the WAF rule, e.g api.threats.cross_site_scripting.","description_kind":"markdown","required":true},"security_rule_action":{"type":"string","description":"The action that should be taken when a threat is detected, for example: api.threats.action.block_ip.","description_kind":"markdown","optional":true},"site_id":{"type":"number","description":"Numeric identifier of the site to operate on.","description_kind":"markdown","required":true}},"description_kind":"plain"}},"incapsula_waiting_room":{"version":0,"block":{"attributes":{"account_id":{"type":"string","description":"The account this waiting room belongs to.","description_kind":"markdown","optional":true,"computed":true},"bots_action_in_queuing_mode":{"type":"string","description":"The waiting room bot handling action. Determines the waiting room behavior for legitimate bots trying to access your website during peak time","description_kind":"markdown","optional":true},"concurrent_sessions_threshold":{"type":"number","description":"The active users activation threshold of the waiting room. The waiting room is activated when number of active users reached specified value.","description_kind":"markdown","optional":true},"created_at":{"type":"string","description":"The waiting room creation date in milliseconds.","description_kind":"markdown","computed":true},"description":{"type":"string","description":"The waiting room description.","description_kind":"markdown","optional":true},"enabled":{"type":"bool","description":"whether this waiting room is enabled or not.","description_kind":"markdown","optional":true},"entrance_rate_threshold":{"type":"number","description":"The entrance rate activation threshold of the waiting room. The waiting room is activated when sessions per minute exceed the specified value.","description_kind":"markdown","optional":true},"filter":{"type":"string","description":"The rule conditions that determine on which sessions this waiting room applies. (no filter means the waiting room applies for the whole site)","description_kind":"markdown","optional":true},"html_template_base64":{"type":"string","description":"The HTML template file path.","description_kind":"markdown","optional":true},"id":{"type":"string","description_kind":"plain","optional":true,"computed":true},"inactivity_timeout":{"type":"number","description":"If waiting room conditions that limit the scope of the waiting room to a subset of the website have been defined, the user is considered active only when navigating the pages in scope of the conditions. A user who is inactive for a longer period of time is considered as having left the site.","description_kind":"markdown","optional":true},"last_modified_at":{"type":"string","description":"The last configuration change date in milliseconds.","description_kind":"markdown","computed":true},"last_modified_by":{"type":"string","description":"The user who last modified the waiting room configuration","description_kind":"markdown","computed":true},"mode":{"type":"string","description":"The waiting room mode. Indicates whether the waiting room is currently queuing or not.","description_kind":"markdown","computed":true},"name":{"type":"string","description":"The waiting room name. Must be unique across all waiting room of the site.","description_kind":"markdown","required":true},"queue_inactivity_timeout":{"type":"number","description":"Queue inactivity timeout. A user in the waiting room who is inactive for a longer period of time is considered as having left the queue. On returning to the site, the user moves to the end of the queue and needs to wait in line again if the waiting room is active.","description_kind":"markdown","optional":true},"site_id":{"type":"string","description":"Numeric identifier of the site to operate on.","description_kind":"markdown","required":true}},"description_kind":"plain"}}},"data_source_schemas":{"incapsula_account_data":{"version":0,"block":{"attributes":{"current_account":{"type":"string","description":"Current account ID","description_kind":"markdown","computed":true},"id":{"type":"string","description_kind":"plain","optional":true,"computed":true},"plan_name":{"type":"string","description":"Plan name","description_kind":"markdown","computed":true}},"description":"Provides data about user Account","description_kind":"markdown"}},"incapsula_account_permissions":{"version":0,"block":{"attributes":{"account_id":{"type":"number","description":"Numeric identifier of the account to operate on.","description_kind":"markdown","required":true},"filter_by_text":{"type":"string","description":"Filter by text representing the permission to fetch","description_kind":"markdown","optional":true},"id":{"type":"string","description_kind":"plain","optional":true,"computed":true},"keys":{"type":["set","string"],"description":"Set of ability keys ids filtered by name","description_kind":"markdown","computed":true},"map":{"type":["map","string"],"description":"Set of all the ability keys","description_kind":"markdown","computed":true}},"description":"Provides the account permission of a given account.","description_kind":"markdown"}},"incapsula_account_roles":{"version":0,"block":{"attributes":{"account_id":{"type":"number","description":"Numeric identifier of the account to operate on.","description_kind":"markdown","required":true},"admin_role_id":{"type":"number","description":"Numeric identifier of the default Administrator role.","description_kind":"markdown","computed":true},"id":{"type":"string","description_kind":"plain","optional":true,"computed":true},"map":{"type":["map","number"],"description":"Set of all the account roles","description_kind":"markdown","computed":true},"reader_role_id":{"type":"number","description":"Numeric identifier of the default Reader role.","description_kind":"markdown","computed":true}},"description":"Provides the account roles of a given account.","description_kind":"markdown"}},"incapsula_client_apps_data":{"version":0,"block":{"attributes":{"filter":{"type":["set","string"],"description":"Filter by Client Application name","description_kind":"markdown","optional":true},"id":{"type":"string","description_kind":"plain","optional":true,"computed":true},"ids":{"type":["set","number"],"description":"Set of client applications ids filtered by name","description_kind":"markdown","computed":true},"map":{"type":["map","number"],"description":"Map of all the client applications","description_kind":"markdown","computed":true}},"description":"Provides the properties of all the client applications.","description_kind":"markdown"}},"incapsula_data_center":{"version":0,"block":{"attributes":{"filter_by_geo_location":{"type":"string","description":"Filter by assigned geo location or the Data Center, which serves the rest of the world, if the geo location is not assigned to any other Data Center.","description_kind":"markdown","optional":true},"filter_by_id":{"type":"number","description":"Filter by Data Center internal ID","description_kind":"markdown","optional":true},"filter_by_is_active":{"type":"bool","description":"Filter by whether Data Center is active","description_kind":"markdown","optional":true},"filter_by_is_content":{"type":"bool","description":"Filter by whether this Data Center will only handle traffic routed by Application Delivery Forward-to-DC rule.","description_kind":"markdown","optional":true},"filter_by_is_enabled":{"type":"bool","description":"Filter by whether Data Center is enabled","description_kind":"markdown","optional":true},"filter_by_is_rest_of_the_world":{"type":"bool","description":"Filter by whether this Data Center handles only traffic from geo regions that are not assigned to any other Data Center","description_kind":"markdown","optional":true},"filter_by_is_standby":{"type":"bool","description":"Filter by whether Data Center is standby","description_kind":"markdown","optional":true},"filter_by_name":{"type":"string","description":"Filter by Data Center name","description_kind":"markdown","optional":true},"geo_locations":{"type":"string","description":"List of geo regions that this data center will serve. Populated if Site's LB algorithm = GEO_PREFERRED or GEO_REQUIRED. E.g. \"ASIA,AFRICA\"","description_kind":"markdown","computed":true},"id":{"type":"string","description_kind":"plain","optional":true,"computed":true},"ip_mode":{"type":"string","description":"SINGLE_IP supports multiple processes on same origin server each listening to a different port, MULTIPLE_IP support multiple origin servers all listening to same port.","description_kind":"markdown","computed":true},"is_active":{"type":"bool","description":"When false, Data Center in standby mode","description_kind":"markdown","computed":true},"is_content":{"type":"bool","description":"When true, Data Center will only accept traffic routed by Application Delivery Forward-to-DC rule.","description_kind":"markdown","computed":true},"is_enabled":{"type":"bool","description":"When true, Data Center is enabled","description_kind":"markdown","computed":true},"is_rest_of_the_world":{"type":"bool","description":"When true and lb_algorithm is one of: GEO_PREFERED, GEO_REQUIRED, Then this Data Center will handle the traffic of all geo locations that are not assigned to any other Data Center","description_kind":"markdown","computed":true},"lb_algorithm":{"type":"string","description":"How to load balance between the servers of this data center.","description_kind":"markdown","computed":true},"name":{"type":"string","description":"Data Center name","description_kind":"markdown","computed":true},"origin_pop":{"type":"string","description":"The ID of the PoP that serves as an access point between Imperva and the customer’s origin server. E.g. \"lax\", for Los Angeles. When not specified, all Imperva PoPs can send traffic to this data center.","description_kind":"markdown","computed":true},"site_id":{"type":"string","description":"Site ID","description_kind":"markdown","required":true},"weight":{"type":"number","description":"The weight in pecentage of this Data Center. Populated only when Site's LB algorithem is WEIGHTED_LB.","description_kind":"markdown","computed":true}},"description":"Provides the properties of a single Data Center. All 'filter_by_' arguments are optional. When specified, a logical AND operator is assumed.","description_kind":"markdown"}},"incapsula_role_abilities":{"version":0,"block":{"attributes":{"can_add_domain":{"type":"string","description":"Add DNS zones","description_kind":"markdown","computed":true},"can_add_policy":{"type":"string","description":"Add/Duplicate policy","description_kind":"markdown","computed":true},"can_add_policy_exception":{"type":"string","description":"Add exception to Policy","description_kind":"markdown","computed":true},"can_add_site":{"type":"string","description":"Add sites","description_kind":"markdown","computed":true},"can_add_user":{"type":"string","description":"Manage users","description_kind":"markdown","computed":true},"can_apply_policy_to_assets":{"type":"string","description":"Apply policy to assets","description_kind":"markdown","computed":true},"can_assign_client_certificates":{"type":"string","description":"Manage client CA certificates for site","description_kind":"markdown","computed":true},"can_delete_policy":{"type":"string","description":"Delete policy","description_kind":"markdown","computed":true},"can_delete_policy_exception":{"type":"string","description":"Delete exception from policy","description_kind":"markdown","computed":true},"can_edit_account":{"type":"string","description":"Edit account settings","description_kind":"markdown","computed":true},"can_edit_client_certificates":{"type":"string","description":"Manage client CA certificates for account","description_kind":"markdown","computed":true},"can_edit_domain":{"type":"string","description":"Modify DNS zone settings","description_kind":"markdown","computed":true},"can_edit_policy":{"type":"string","description":"Edit policy","description_kind":"markdown","computed":true},"can_edit_policy_exception":{"type":"string","description":"Edit exception in policy","description_kind":"markdown","computed":true},"can_edit_roles":{"type":"string","description":"Manage users roles","description_kind":"markdown","computed":true},"can_edit_single_ip":{"type":"string","description":"Edit single IP","description_kind":"markdown","computed":true},"can_edit_site":{"type":"string","description":"Modify site settings","description_kind":"markdown","computed":true},"can_manage_account_sub_accounts":{"type":"string","description":"Manage account sub-accounts","description_kind":"markdown","computed":true},"can_manage_api_key":{"type":"string","description":"Manage API keys","description_kind":"markdown","computed":true},"can_purge_cache":{"type":"string","description":"Purge cache","description_kind":"markdown","computed":true},"can_run_connectivity_reports":{"type":"string","description":"Allow user to run connectivity reports","description_kind":"markdown","computed":true},"can_view_audit_trail":{"type":"string","description":"View audit trail","description_kind":"markdown","computed":true},"can_view_client_certificates":{"type":"string","description":"View client CA certificates","description_kind":"markdown","computed":true},"can_view_infra_protect_setting":{"type":"string","description":"View Infra Protect settings","description_kind":"markdown","computed":true},"can_view_policy":{"type":"string","description":"View policy","description_kind":"markdown","computed":true},"id":{"type":"string","description_kind":"plain","optional":true,"computed":true}},"description_kind":"plain"}}}}}}
